// !$*UTF8*$!
{
	archiveVersion = 1;
	classes = {
	};
	objectVersion = 50;
	objects = {

/* Begin PBXBuildFile section */
		143801E0245855500067E4CD /* Commandant.framework in Frameworks */ = {isa = PBXBuildFile; fileRef = 143801DF245855500067E4CD /* Commandant.framework */; };
		143801E224585F1F0067E4CD /* StringsConvertManager.swift in Sources */ = {isa = PBXBuildFile; fileRef = 143801E124585F1F0067E4CD /* StringsConvertManager.swift */; };
		147869392456D03B00B64254 /* main.swift in Sources */ = {isa = PBXBuildFile; fileRef = 147869382456D03B00B64254 /* main.swift */; };
		147869432456D05800B64254 /* DefaultBundle.swift in Sources */ = {isa = PBXBuildFile; fileRef = 147869402456D05800B64254 /* DefaultBundle.swift */; };
		147869442456D05800B64254 /* ResultDemo.swift in Sources */ = {isa = PBXBuildFile; fileRef = 147869412456D05800B64254 /* ResultDemo.swift */; };
		147869452456D05800B64254 /* CopyBundleCovertible.swift in Sources */ = {isa = PBXBuildFile; fileRef = 147869422456D05800B64254 /* CopyBundleCovertible.swift */; };
/* End PBXBuildFile section */

/* Begin PBXCopyFilesBuildPhase section */
		147869332456D03B00B64254 /* CopyFiles */ = {
			isa = PBXCopyFilesBuildPhase;
			buildActionMask = 2147483647;
			dstPath = /usr/share/man/man1/;
			dstSubfolderSpec = 0;
			files = (
			);
			runOnlyForDeploymentPostprocessing = 1;
		};
/* End PBXCopyFilesBuildPhase section */

/* Begin PBXFileReference section */
		143801DF245855500067E4CD /* Commandant.framework */ = {isa = PBXFileReference; lastKnownFileType = wrapper.framework; name = Commandant.framework; path = CopyKit/Commandant.framework; sourceTree = "<group>"; };
		143801E124585F1F0067E4CD /* StringsConvertManager.swift */ = {isa = PBXFileReference; lastKnownFileType = sourcecode.swift; path = StringsConvertManager.swift; sourceTree = "<group>"; };
		147869352456D03B00B64254 /* CopyKit */ = {isa = PBXFileReference; explicitFileType = "compiled.mach-o.executable"; includeInIndex = 0; path = CopyKit; sourceTree = BUILT_PRODUCTS_DIR; };
		147869382456D03B00B64254 /* main.swift */ = {isa = PBXFileReference; lastKnownFileType = sourcecode.swift; path = main.swift; sourceTree = "<group>"; };
		147869402456D05800B64254 /* DefaultBundle.swift */ = {isa = PBXFileReference; fileEncoding = 4; lastKnownFileType = sourcecode.swift; path = DefaultBundle.swift; sourceTree = "<group>"; };
		147869412456D05800B64254 /* ResultDemo.swift */ = {isa = PBXFileReference; fileEncoding = 4; lastKnownFileType = sourcecode.swift; path = ResultDemo.swift; sourceTree = "<group>"; };
		147869422456D05800B64254 /* CopyBundleCovertible.swift */ = {isa = PBXFileReference; fileEncoding = 4; lastKnownFileType = sourcecode.swift; path = CopyBundleCovertible.swift; sourceTree = "<group>"; };
/* End PBXFileReference section */

/* Begin PBXFrameworksBuildPhase section */
		147869322456D03B00B64254 /* Frameworks */ = {
			isa = PBXFrameworksBuildPhase;
			buildActionMask = 2147483647;
			files = (
				143801E0245855500067E4CD /* Commandant.framework in Frameworks */,
			);
			runOnlyForDeploymentPostprocessing = 0;
		};
/* End PBXFrameworksBuildPhase section */

/* Begin PBXGroup section */
		1478692C2456D03B00B64254 = {
			isa = PBXGroup;
			children = (
				143801DF245855500067E4CD /* Commandant.framework */,
				147869372456D03B00B64254 /* CopyKit */,
				147869362456D03B00B64254 /* Products */,
			);
			sourceTree = "<group>";
		};
		147869362456D03B00B64254 /* Products */ = {
			isa = PBXGroup;
			children = (
				147869352456D03B00B64254 /* CopyKit */,
			);
			name = Products;
			sourceTree = "<group>";
		};
		147869372456D03B00B64254 /* CopyKit */ = {
			isa = PBXGroup;
			children = (
				147869422456D05800B64254 /* CopyBundleCovertible.swift */,
				143801E124585F1F0067E4CD /* StringsConvertManager.swift */,
				1478693F2456D05800B64254 /* Example */,
				147869382456D03B00B64254 /* main.swift */,
			);
			path = CopyKit;
			sourceTree = "<group>";
		};
		1478693F2456D05800B64254 /* Example */ = {
			isa = PBXGroup;
			children = (
				147869402456D05800B64254 /* DefaultBundle.swift */,
				147869412456D05800B64254 /* ResultDemo.swift */,
			);
			path = Example;
			sourceTree = "<group>";
		};
/* End PBXGroup section */

/* Begin PBXNativeTarget section */
		147869342456D03B00B64254 /* CopyKit */ = {
			isa = PBXNativeTarget;
			buildConfigurationList = 1478693C2456D03B00B64254 /* Build configuration list for PBXNativeTarget "CopyKit" */;
			buildPhases = (
				147869312456D03B00B64254 /* Sources */,
				147869322456D03B00B64254 /* Frameworks */,
				147869332456D03B00B64254 /* CopyFiles */,
			);
			buildRules = (
			);
			dependencies = (
			);
			name = CopyKit;
			productName = CopyKit;
			productReference = 147869352456D03B00B64254 /* CopyKit */;
			productType = "com.apple.product-type.tool";
		};
/* End PBXNativeTarget section */

/* Begin PBXProject section */
		1478692D2456D03B00B64254 /* Project object */ = {
			isa = PBXProject;
			attributes = {
				LastSwiftUpdateCheck = 1130;
				LastUpgradeCheck = 1130;
				ORGANIZATIONNAME = "HSBC Holdings plc";
				TargetAttributes = {
					147869342456D03B00B64254 = {
						CreatedOnToolsVersion = 11.3;
					};
				};
			};
			buildConfigurationList = 147869302456D03B00B64254 /* Build configuration list for PBXProject "CopyKit" */;
			compatibilityVersion = "Xcode 9.3";
			developmentRegion = en;
			hasScannedForEncodings = 0;
			knownRegions = (
				en,
				Base,
			);
			mainGroup = 1478692C2456D03B00B64254;
			productRefGroup = 147869362456D03B00B64254 /* Products */;
			projectDirPath = "";
			projectRoot = "";
			targets = (
				147869342456D03B00B64254 /* CopyKit */,
			);
		};
/* End PBXProject section */

/* Begin PBXSourcesBuildPhase section */
		147869312456D03B00B64254 /* Sources */ = {
			isa = PBXSourcesBuildPhase;
			buildActionMask = 2147483647;
			files = (
				147869392456D03B00B64254 /* main.swift in Sources */,
				147869452456D05800B64254 /* CopyBundleCovertible.swift in Sources */,
				143801E224585F1F0067E4CD /* StringsConvertManager.swift in Sources */,
				147869432456D05800B64254 /* DefaultBundle.swift in Sources */,
				147869442456D05800B64254 /* ResultDemo.swift in Sources */,
			);
			runOnlyForDeploymentPostprocessing = 0;
		};
/* End PBXSourcesBuildPhase section */

/* Begin XCBuildConfiguration section */
		1478693A2456D03B00B64254 /* Debug */ = {
			isa = XCBuildConfiguration;
			buildSettings = {
				ALWAYS_SEARCH_USER_PATHS = NO;
				CLANG_ANALYZER_NONNULL = YES;
				CLANG_ANALYZER_NUMBER_OBJECT_CONVERSION = YES_AGGRESSIVE;
				CLANG_CXX_LANGUAGE_STANDARD = "gnu++14";
				CLANG_CXX_LIBRARY = "libc++";
				CLANG_ENABLE_MODULES = YES;
				CLANG_ENABLE_OBJC_ARC = YES;
				CLANG_ENABLE_OBJC_WEAK = YES;
				CLANG_WARN_BLOCK_CAPTURE_AUTORELEASING = YES;
				CLANG_WARN_BOOL_CONVERSION = YES;
				CLANG_WARN_COMMA = YES;
				CLANG_WARN_CONSTANT_CONVERSION = YES;
				CLANG_WARN_DEPRECATED_OBJC_IMPLEMENTATIONS = YES;
				CLANG_WARN_DIRECT_OBJC_ISA_USAGE = YES_ERROR;
				CLANG_WARN_DOCUMENTATION_COMMENTS = YES;
				CLANG_WARN_EMPTY_BODY = YES;
				CLANG_WARN_ENUM_CONVERSION = YES;
				CLANG_WARN_INFINITE_RECURSION = YES;
				CLANG_WARN_INT_CONVERSION = YES;
				CLANG_WARN_NON_LITERAL_NULL_CONVERSION = YES;
				CLANG_WARN_OBJC_IMPLICIT_RETAIN_SELF = YES;
				CLANG_WARN_OBJC_LITERAL_CONVERSION = YES;
				CLANG_WARN_OBJC_ROOT_CLASS = YES_ERROR;
				CLANG_WARN_RANGE_LOOP_ANALYSIS = YES;
				CLANG_WARN_STRICT_PROTOTYPES = YES;
				CLANG_WARN_SUSPICIOUS_MOVE = YES;
				CLANG_WARN_UNGUARDED_AVAILABILITY = YES_AGGRESSIVE;
				CLANG_WARN_UNREACHABLE_CODE = YES;
				CLANG_WARN__DUPLICATE_METHOD_MATCH = YES;
				COPY_PHASE_STRIP = NO;
				DEBUG_INFORMATION_FORMAT = dwarf;
				ENABLE_STRICT_OBJC_MSGSEND = YES;
				ENABLE_TESTABILITY = YES;
				GCC_C_LANGUAGE_STANDARD = gnu11;
				GCC_DYNAMIC_NO_PIC = NO;
				GCC_NO_COMMON_BLOCKS = YES;
				GCC_OPTIMIZATION_LEVEL = 0;
				GCC_PREPROCESSOR_DEFINITIONS = (
					"DEBUG=1",
					"$(inherited)",
				);
				GCC_WARN_64_TO_32_BIT_CONVERSION = YES;
				GCC_WARN_ABOUT_RETURN_TYPE = YES_ERROR;
				GCC_WARN_UNDECLARED_SELECTOR = YES;
				GCC_WARN_UNINITIALIZED_AUTOS = YES_AGGRESSIVE;
				GCC_WARN_UNUSED_FUNCTION = YES;
				GCC_WARN_UNUSED_VARIABLE = YES;
				MACOSX_DEPLOYMENT_TARGET = 10.15;
				MTL_ENABLE_DEBUG_INFO = INCLUDE_SOURCE;
				MTL_FAST_MATH = YES;
				ONLY_ACTIVE_ARCH = YES;
				SDKROOT = macosx;
				SWIFT_ACTIVE_COMPILATION_CONDITIONS = DEBUG;
				SWIFT_OPTIMIZATION_LEVEL = "-Onone";
			};
			name = Debug;
		};
		1478693B2456D03B00B64254 /* Release */ = {
			isa = XCBuildConfiguration;
			buildSettings = {
				ALWAYS_SEARCH_USER_PATHS = NO;
				CLANG_ANALYZER_NONNULL = YES;
				CLANG_ANALYZER_NUMBER_OBJECT_CONVERSION = YES_AGGRESSIVE;
				CLANG_CXX_LANGUAGE_STANDARD = "gnu++14";
				CLANG_CXX_LIBRARY = "libc++";
				CLANG_ENABLE_MODULES = YES;
				CLANG_ENABLE_OBJC_ARC = YES;
				CLANG_ENABLE_OBJC_WEAK = YES;
				CLANG_WARN_BLOCK_CAPTURE_AUTORELEASING = YES;
				CLANG_WARN_BOOL_CONVERSION = YES;
				CLANG_WARN_COMMA = YES;
				CLANG_WARN_CONSTANT_CONVERSION = YES;
				CLANG_WARN_DEPRECATED_OBJC_IMPLEMENTATIONS = YES;
				CLANG_WARN_DIRECT_OBJC_ISA_USAGE = YES_ERROR;
				CLANG_WARN_DOCUMENTATION_COMMENTS = YES;
				CLANG_WARN_EMPTY_BODY = YES;
				CLANG_WARN_ENUM_CONVERSION = YES;
				CLANG_WARN_INFINITE_RECURSION = YES;
				CLANG_WARN_INT_CONVERSION = YES;
				CLANG_WARN_NON_LITERAL_NULL_CONVERSION = YES;
				CLANG_WARN_OBJC_IMPLICIT_RETAIN_SELF = YES;
				CLANG_WARN_OBJC_LITERAL_CONVERSION = YES;
				CLANG_WARN_OBJC_ROOT_CLASS = YES_ERROR;
				CLANG_WARN_RANGE_LOOP_ANALYSIS = YES;
				CLANG_WARN_STRICT_PROTOTYPES = YES;
				CLANG_WARN_SUSPICIOUS_MOVE = YES;
				CLANG_WARN_UNGUARDED_AVAILABILITY = YES_AGGRESSIVE;
				CLANG_WARN_UNREACHABLE_CODE = YES;
				CLANG_WARN__DUPLICATE_METHOD_MATCH = YES;
				COPY_PHASE_STRIP = NO;
				DEBUG_INFORMATION_FORMAT = "dwarf-with-dsym";
				ENABLE_NS_ASSERTIONS = NO;
				ENABLE_STRICT_OBJC_MSGSEND = YES;
				GCC_C_LANGUAGE_STANDARD = gnu11;
				GCC_NO_COMMON_BLOCKS = YES;
				GCC_WARN_64_TO_32_BIT_CONVERSION = YES;
				GCC_WARN_ABOUT_RETURN_TYPE = YES_ERROR;
				GCC_WARN_UNDECLARED_SELECTOR = YES;
				GCC_WARN_UNINITIALIZED_AUTOS = YES_AGGRESSIVE;
				GCC_WARN_UNUSED_FUNCTION = YES;
				GCC_WARN_UNUSED_VARIABLE = YES;
				MACOSX_DEPLOYMENT_TARGET = 10.15;
				MTL_ENABLE_DEBUG_INFO = NO;
				MTL_FAST_MATH = YES;
				SDKROOT = macosx;
				SWIFT_COMPILATION_MODE = wholemodule;
				SWIFT_OPTIMIZATION_LEVEL = "-O";
			};
			name = Release;
		};
		1478693D2456D03B00B64254 /* Debug */ = {
			isa = XCBuildConfiguration;
			buildSettings = {
				CODE_SIGN_STYLE = Automatic;
				DEVELOPMENT_TEAM = F8ML633GQS;
				ENABLE_HARDENED_RUNTIME = YES;
				FRAMEWORK_SEARCH_PATHS = (
					"$(inherited)",
					"$(PROJECT_DIR)/CopyKit",
				);
				PRODUCT_NAME = "$(TARGET_NAME)";
				SWIFT_VERSION = 5.0;
			};
			name = Debug;
		};
		1478693E2456D03B00B64254 /* Release */ = {
			isa = XCBuildConfiguration;
			buildSettings = {
				CODE_SIGN_STYLE = Automatic;
				DEVELOPMENT_TEAM = F8ML633GQS;
				ENABLE_HARDENED_RUNTIME = YES;
				FRAMEWORK_SEARCH_PATHS = (
					"$(inherited)",
					"$(PROJECT_DIR)/CopyKit",
				);
				PRODUCT_NAME = "$(TARGET_NAME)";
				SWIFT_VERSION = 5.0;
			};
			name = Release;
		};
/* End XCBuildConfiguration section */

/* Begin XCConfigurationList section */
		147869302456D03B00B64254 /* Build configuration list for PBXProject "CopyKit" */ = {
			isa = XCConfigurationList;
			buildConfigurations = (
				1478693A2456D03B00B64254 /* Debug */,
				1478693B2456D03B00B64254 /* Release */,
			);
			defaultConfigurationIsVisible = 0;
			defaultConfigurationName = Release;
		};
		1478693C2456D03B00B64254 /* Build configuration list for PBXNativeTarget "CopyKit" */ = {
			isa = XCConfigurationList;
			buildConfigurations = (
				1478693D2456D03B00B64254 /* Debug */,
				1478693E2456D03B00B64254 /* Release */,
			);
			defaultConfigurationIsVisible = 0;
			defaultConfigurationName = Release;
		};
/* End XCConfigurationList section */
	};
	rootObject = 1478692D2456D03B00B64254 /* Project object */;
}
