// !$*UTF8*$!
{
	archiveVersion = 1;
	classes = {
	};
	objectVersion = 46;
	objects = {

/* Begin PBXBuildFile section */
		BF_173992428696 /* CopyBundleCovertible.swift in Sources */ = {isa = PBXBuildFile; fileRef = FR_879332240025 /* CopyBundleCovertible.swift */; };
		BF_203815076187 /* Commandant.framework in Frameworks */ = {isa = PBXBuildFile; fileRef = FR_589219106674 /* Commandant.framework */; };
		BF_249593496780 /* SceneDelegate.swift in Sources */ = {isa = PBXBuildFile; fileRef = FR_148398023104 /* SceneDelegate.swift */; };
		BF_284013956841 /* AppDelegate.swift in Sources */ = {isa = PBXBuildFile; fileRef = FR_321277982122 /* AppDelegate.swift */; };
		BF_293028894724 /* DefaultBundle.swift in Sources */ = {isa = PBXBuildFile; fileRef = FR_170872102719 /* DefaultBundle.swift */; };
		BF_391936922826 /* CopyBundleProvider.swift in Sources */ = {isa = PBXBuildFile; fileRef = FR_817012520848 /* CopyBundleProvider.swift */; };
		BF_439974472921 /* ResultDemo.swift in Sources */ = {isa = PBXBuildFile; fileRef = FR_243438545331 /* ResultDemo.swift */; };
		BF_484940186622 /* Assets.xcassets in Resources */ = {isa = PBXBuildFile; fileRef = FR_564934231647 /* Assets.xcassets */; };
		BF_504358950815 /* main.swift in Sources */ = {isa = PBXBuildFile; fileRef = FR_400290740253 /* main.swift */; };
		BF_512489555820 /* StringsConvertManager.swift in Sources */ = {isa = PBXBuildFile; fileRef = FR_894620066820 /* StringsConvertManager.swift */; };
		BF_583256678064 /* UK.bundle in Resources */ = {isa = PBXBuildFile; fileRef = FR_302147858880 /* UK.bundle */; };
		BF_593713331319 /* CopyConvertCommand.swift in Sources */ = {isa = PBXBuildFile; fileRef = FR_884498289528 /* CopyConvertCommand.swift */; };
		BF_612884422246 /* Main.storyboard in Resources */ = {isa = PBXBuildFile; fileRef = VG_678817270652 /* Main.storyboard */; };
		BF_643114281786 /* Home.swift in Sources */ = {isa = PBXBuildFile; fileRef = FR_811192774318 /* Home.swift */; };
		BF_643642579654 /* HK.bundle in Resources */ = {isa = PBXBuildFile; fileRef = FR_464118283638 /* HK.bundle */; };
		BF_715642002837 /* ViewController.swift in Sources */ = {isa = PBXBuildFile; fileRef = FR_362535436364 /* ViewController.swift */; };
		BF_889351375023 /* LaunchScreen.storyboard in Resources */ = {isa = PBXBuildFile; fileRef = VG_729165954682 /* LaunchScreen.storyboard */; };
/* End PBXBuildFile section */

/* Begin PBXFileReference section */
		FR_148398023104 /* SceneDelegate.swift */ = {isa = PBXFileReference; lastKnownFileType = sourcecode.swift; path = SceneDelegate.swift; sourceTree = "<group>"; };
		FR_170872102719 /* DefaultBundle.swift */ = {isa = PBXFileReference; lastKnownFileType = sourcecode.swift; path = DefaultBundle.swift; sourceTree = "<group>"; };
		FR_243438545331 /* ResultDemo.swift */ = {isa = PBXFileReference; lastKnownFileType = sourcecode.swift; path = ResultDemo.swift; sourceTree = "<group>"; };
		FR_302147858880 /* UK.bundle */ = {isa = PBXFileReference; lastKnownFileType = "wrapper.plug-in"; path = UK.bundle; sourceTree = "<group>"; };
		FR_321277982122 /* AppDelegate.swift */ = {isa = PBXFileReference; lastKnownFileType = sourcecode.swift; path = AppDelegate.swift; sourceTree = "<group>"; };
		FR_362535436364 /* ViewController.swift */ = {isa = PBXFileReference; lastKnownFileType = sourcecode.swift; path = ViewController.swift; sourceTree = "<group>"; };
		FR_400290740253 /* main.swift */ = {isa = PBXFileReference; lastKnownFileType = sourcecode.swift; path = main.swift; sourceTree = "<group>"; };
		FR_428537679352 /* zh-Hans */ = {isa = PBXFileReference; lastKnownFileType = text.plist.strings; name = "zh-Hans"; path = "zh-Hans.lproj/Main.strings"; sourceTree = "<group>"; };
		FR_464118283638 /* HK.bundle */ = {isa = PBXFileReference; lastKnownFileType = "wrapper.plug-in"; path = HK.bundle; sourceTree = "<group>"; };
		FR_564934231647 /* Assets.xcassets */ = {isa = PBXFileReference; lastKnownFileType = folder.assetcatalog; path = Assets.xcassets; sourceTree = "<group>"; };
		FR_589219106674 /* Commandant.framework */ = {isa = PBXFileReference; lastKnownFileType = wrapper.framework; path = Commandant.framework; sourceTree = "<group>"; };
		FR_599300190870 /* SampleApp.app */ = {isa = PBXFileReference; includeInIndex = 0; lastKnownFileType = wrapper.application; path = SampleApp.app; sourceTree = BUILT_PRODUCTS_DIR; };
		FR_678817270652 /* Base */ = {isa = PBXFileReference; lastKnownFileType = file.storyboard; name = Base; path = Base.lproj/Main.storyboard; sourceTree = "<group>"; };
		FR_688221778122 /* zh-Hans */ = {isa = PBXFileReference; lastKnownFileType = text.plist.strings; name = "zh-Hans"; path = "zh-Hans.lproj/LaunchScreen.strings"; sourceTree = "<group>"; };
		FR_689261305038 /* ConvertCommand */ = {isa = PBXFileReference; includeInIndex = 0; lastKnownFileType = text; path = ConvertCommand; sourceTree = BUILT_PRODUCTS_DIR; };
		FR_729165954682 /* Base */ = {isa = PBXFileReference; lastKnownFileType = file.storyboard; name = Base; path = Base.lproj/LaunchScreen.storyboard; sourceTree = "<group>"; };
		FR_811192774318 /* Home.swift */ = {isa = PBXFileReference; lastKnownFileType = sourcecode.swift; path = Home.swift; sourceTree = "<group>"; };
		FR_817012520848 /* CopyBundleProvider.swift */ = {isa = PBXFileReference; lastKnownFileType = sourcecode.swift; path = CopyBundleProvider.swift; sourceTree = "<group>"; };
		FR_834061984909 /* CopyKit */ = {isa = PBXFileReference; includeInIndex = 0; lastKnownFileType = text; path = CopyKit; sourceTree = BUILT_PRODUCTS_DIR; };
		FR_870231252105 /* Info.plist */ = {isa = PBXFileReference; lastKnownFileType = text.plist.xml; path = Info.plist; sourceTree = "<group>"; };
		FR_879332240025 /* CopyBundleCovertible.swift */ = {isa = PBXFileReference; lastKnownFileType = sourcecode.swift; path = CopyBundleCovertible.swift; sourceTree = "<group>"; };
		FR_884498289528 /* CopyConvertCommand.swift */ = {isa = PBXFileReference; lastKnownFileType = sourcecode.swift; path = CopyConvertCommand.swift; sourceTree = "<group>"; };
		FR_894620066820 /* StringsConvertManager.swift */ = {isa = PBXFileReference; lastKnownFileType = sourcecode.swift; path = StringsConvertManager.swift; sourceTree = "<group>"; };
/* End PBXFileReference section */

/* Begin PBXFrameworksBuildPhase section */
		FBP_83406198490 /* Frameworks */ = {
			isa = PBXFrameworksBuildPhase;
			buildActionMask = 2147483647;
			files = (
				BF_203815076187 /* Commandant.framework in Frameworks */,
			);
			runOnlyForDeploymentPostprocessing = 0;
		};
/* End PBXFrameworksBuildPhase section */

/* Begin PBXGroup section */
		G_1952740716080 /* Frameworks */ = {
			isa = PBXGroup;
			children = (
				FR_589219106674 /* Commandant.framework */,
			);
			name = Frameworks;
			sourceTree = "<group>";
		};
		G_2397971743769 /* Example */ = {
			isa = PBXGroup;
			children = (
				FR_170872102719 /* DefaultBundle.swift */,
				FR_243438545331 /* ResultDemo.swift */,
			);
			path = Example;
			sourceTree = "<group>";
		};
		G_3574161155757 /* Core */ = {
			isa = PBXGroup;
			children = (
				FR_879332240025 /* CopyBundleCovertible.swift */,
				FR_894620066820 /* StringsConvertManager.swift */,
			);
			path = Core;
			sourceTree = "<group>";
		};
		G_5442550656073 /* Commands */ = {
			isa = PBXGroup;
			children = (
				FR_884498289528 /* CopyConvertCommand.swift */,
			);
			path = Commands;
			sourceTree = "<group>";
		};
		G_5993001908702 /* SampleApp */ = {
			isa = PBXGroup;
			children = (
				G_7523691609529 /* Resource */,
				FR_321277982122 /* AppDelegate.swift */,
				FR_564934231647 /* Assets.xcassets */,
				FR_817012520848 /* CopyBundleProvider.swift */,
				FR_870231252105 /* Info.plist */,
				VG_729165954682 /* LaunchScreen.storyboard */,
				VG_678817270652 /* Main.storyboard */,
				FR_148398023104 /* SceneDelegate.swift */,
				FR_362535436364 /* ViewController.swift */,
			);
			path = SampleApp;
			sourceTree = "<group>";
		};
		G_7523691609529 /* Resource */ = {
			isa = PBXGroup;
			children = (
				FR_464118283638 /* HK.bundle */,
				FR_811192774318 /* Home.swift */,
				FR_302147858880 /* UK.bundle */,
			);
			path = Resource;
			sourceTree = "<group>";
		};
		G_8340619849090 /* CopyKit */ = {
			isa = PBXGroup;
			children = (
				G_5442550656073 /* Commands */,
				G_3574161155757 /* Core */,
				G_2397971743769 /* Example */,
				FR_400290740253 /* main.swift */,
			);
			path = CopyKit;
			sourceTree = "<group>";
		};
		G_8448771205358 = {
			isa = PBXGroup;
			children = (
				G_8340619849090 /* CopyKit */,
				G_1952740716080 /* Frameworks */,
				G_8620238527590 /* Products */,
				G_5993001908702 /* SampleApp */,
			);
			sourceTree = "<group>";
		};
		G_8620238527590 /* Products */ = {
			isa = PBXGroup;
			children = (
				FR_689261305038 /* ConvertCommand */,
				FR_834061984909 /* CopyKit */,
				FR_599300190870 /* SampleApp.app */,
			);
			name = Products;
			sourceTree = "<group>";
		};
/* End PBXGroup section */

/* Begin PBXNativeTarget section */
		NT_599300190870 /* SampleApp */ = {
			isa = PBXNativeTarget;
			buildConfigurationList = CL_599300190870 /* Build configuration list for PBXNativeTarget "SampleApp" */;
			buildPhases = (
				SBP_59930019087 /* Sources */,
				RBP_59930019087 /* Resources */,
			);
			buildRules = (
			);
			dependencies = (
			);
			name = SampleApp;
			productName = SampleApp;
			productReference = FR_599300190870 /* SampleApp.app */;
			productType = "com.apple.product-type.application";
		};
		NT_689261305038 /* ConvertCommand */ = {
			isa = PBXNativeTarget;
			buildConfigurationList = CL_689261305038 /* Build configuration list for PBXNativeTarget "ConvertCommand" */;
			buildPhases = (
				144F6070245BC2860039A39E /* ShellScript */,
			);
			buildRules = (
			);
			dependencies = (
			);
			name = ConvertCommand;
			productName = ConvertCommand;
			productReference = FR_689261305038 /* ConvertCommand */;
			productType = "com.apple.product-type.tool";
		};
		NT_834061984909 /* CopyKit */ = {
			isa = PBXNativeTarget;
			buildConfigurationList = "CL_834061984909-1" /* Build configuration list for PBXNativeTarget "CopyKit" */;
			buildPhases = (
				SBP_83406198490 /* Sources */,
				FBP_83406198490 /* Frameworks */,
			);
			buildRules = (
			);
			dependencies = (
			);
			name = CopyKit;
			productName = CopyKit;
			productReference = FR_834061984909 /* CopyKit */;
			productType = "com.apple.product-type.tool";
		};
/* End PBXNativeTarget section */

/* Begin PBXProject section */
		P_8340619849090 /* Project object */ = {
			isa = PBXProject;
			attributes = {
				LastUpgradeCheck = 0930;
			};
			buildConfigurationList = CL_834061984909 /* Build configuration list for PBXProject "CopyKit" */;
			compatibilityVersion = "Xcode 3.2";
			developmentRegion = en;
			hasScannedForEncodings = 0;
			knownRegions = (
				en,
				Base,
				"zh-Hans",
			);
			mainGroup = G_8448771205358;
			projectDirPath = "";
			projectRoot = "";
			targets = (
				NT_689261305038 /* ConvertCommand */,
				NT_834061984909 /* CopyKit */,
				NT_599300190870 /* SampleApp */,
			);
		};
/* End PBXProject section */

/* Begin PBXResourcesBuildPhase section */
		RBP_59930019087 /* Resources */ = {
			isa = PBXResourcesBuildPhase;
			buildActionMask = 2147483647;
			files = (
				BF_484940186622 /* Assets.xcassets in Resources */,
				BF_643642579654 /* HK.bundle in Resources */,
				BF_889351375023 /* LaunchScreen.storyboard in Resources */,
				BF_612884422246 /* Main.storyboard in Resources */,
				BF_583256678064 /* UK.bundle in Resources */,
			);
			runOnlyForDeploymentPostprocessing = 0;
		};
/* End PBXResourcesBuildPhase section */

/* Begin PBXShellScriptBuildPhase section */
		144F6070245BC2860039A39E /* ShellScript */ = {
			isa = PBXShellScriptBuildPhase;
			buildActionMask = 2147483647;
			files = (
			);
			inputFileListPaths = (
			);
			inputPaths = (
			);
			outputFileListPaths = (
			);
			outputPaths = (
			);
			runOnlyForDeploymentPostprocessing = 0;
			shellPath = /bin/sh;
			shellScript = "# Type a script or drag a script file from your workspace to insert its path.\n\n${SRCROOT}/tools/CopyKit \n\n";
		};
/* End PBXShellScriptBuildPhase section */

/* Begin PBXSourcesBuildPhase section */
		SBP_59930019087 /* Sources */ = {
			isa = PBXSourcesBuildPhase;
			buildActionMask = 2147483647;
			files = (
				BF_284013956841 /* AppDelegate.swift in Sources */,
				BF_391936922826 /* CopyBundleProvider.swift in Sources */,
				BF_643114281786 /* Home.swift in Sources */,
				BF_249593496780 /* SceneDelegate.swift in Sources */,
				BF_715642002837 /* ViewController.swift in Sources */,
			);
			runOnlyForDeploymentPostprocessing = 0;
		};
		SBP_83406198490 /* Sources */ = {
			isa = PBXSourcesBuildPhase;
			buildActionMask = 2147483647;
			files = (
				BF_173992428696 /* CopyBundleCovertible.swift in Sources */,
				BF_593713331319 /* CopyConvertCommand.swift in Sources */,
				BF_293028894724 /* DefaultBundle.swift in Sources */,
				BF_439974472921 /* ResultDemo.swift in Sources */,
				BF_512489555820 /* StringsConvertManager.swift in Sources */,
				BF_504358950815 /* main.swift in Sources */,
			);
			runOnlyForDeploymentPostprocessing = 0;
		};
/* End PBXSourcesBuildPhase section */

/* Begin PBXVariantGroup section */
		VG_678817270652 /* Main.storyboard */ = {
			isa = PBXVariantGroup;
			children = (
				FR_678817270652 /* Base */,
				FR_428537679352 /* zh-Hans */,
			);
			name = Main.storyboard;
			sourceTree = "<group>";
		};
		VG_729165954682 /* LaunchScreen.storyboard */ = {
			isa = PBXVariantGroup;
			children = (
				FR_729165954682 /* Base */,
				FR_688221778122 /* zh-Hans */,
			);
			name = LaunchScreen.storyboard;
			sourceTree = "<group>";
		};
/* End PBXVariantGroup section */

/* Begin XCBuildConfiguration section */
		BC_154588906859 /* Debug */ = {
			isa = XCBuildConfiguration;
			buildSettings = {
				COMBINE_HIDPI_IMAGES = YES;
				LD_RUNPATH_SEARCH_PATHS = "$(inherited) @executable_path/../Frameworks";
				PRODUCT_BUNDLE_IDENTIFIER = com.hsbc.CopyKit;
				SDKROOT = macosx;
			};
			name = Debug;
		};
		BC_360351128406 /* Release */ = {
			isa = XCBuildConfiguration;
			buildSettings = {
				COMBINE_HIDPI_IMAGES = YES;
				LD_RUNPATH_SEARCH_PATHS = "$(inherited) @executable_path/../Frameworks";
				PRODUCT_BUNDLE_IDENTIFIER = com.hsbc.CopyKit;
				SDKROOT = macosx;
			};
			name = Release;
		};
		BC_409440508151 /* Debug */ = {
			isa = XCBuildConfiguration;
			buildSettings = {
				ALWAYS_EMBED_SWIFT_STANDARD_LIBRARIES = YES;
				ASSETCATALOG_COMPILER_APPICON_NAME = AppIcon;
				"CODE_SIGN_IDENTITY[sdk=iphoneos*]" = "iPhone Developer";
				INFOPLIST_FILE = SampleApp/Info.plist;
				IPHONEOS_DEPLOYMENT_TARGET = 12.0;
				LD_RUNPATH_SEARCH_PATHS = "$(inherited) @executable_path/Frameworks";
				PRODUCT_BUNDLE_IDENTIFIER = com.hsbc.SampleApp;
				SDKROOT = iphoneos;
				TARGETED_DEVICE_FAMILY = "1,2";
			};
			name = Debug;
		};
		BC_479945831424 /* Debug */ = {
			isa = XCBuildConfiguration;
			buildSettings = {
				ALWAYS_SEARCH_USER_PATHS = NO;
				CLANG_ANALYZER_NONNULL = YES;
				CLANG_ANALYZER_NUMBER_OBJECT_CONVERSION = YES_AGGRESSIVE;
				CLANG_CXX_LANGUAGE_STANDARD = "gnu++14";
				CLANG_CXX_LIBRARY = "libc++";
				CLANG_ENABLE_MODULES = YES;
				CLANG_ENABLE_OBJC_ARC = YES;
				CLANG_WARN_BLOCK_CAPTURE_AUTORELEASING = YES;
				CLANG_WARN_BOOL_CONVERSION = YES;
				CLANG_WARN_COMMA = YES;
				CLANG_WARN_CONSTANT_CONVERSION = YES;
				CLANG_WARN_DEPRECATED_OBJC_IMPLEMENTATIONS = YES;
				CLANG_WARN_DIRECT_OBJC_ISA_USAGE = YES_ERROR;
				CLANG_WARN_DOCUMENTATION_COMMENTS = YES;
				CLANG_WARN_EMPTY_BODY = YES;
				CLANG_WARN_ENUM_CONVERSION = YES;
				CLANG_WARN_INFINITE_RECURSION = YES;
				CLANG_WARN_INT_CONVERSION = YES;
				CLANG_WARN_NON_LITERAL_NULL_CONVERSION = YES;
				CLANG_WARN_OBJC_IMPLICIT_RETAIN_SELF = YES;
				CLANG_WARN_OBJC_LITERAL_CONVERSION = YES;
				CLANG_WARN_OBJC_ROOT_CLASS = YES_ERROR;
				CLANG_WARN_RANGE_LOOP_ANALYSIS = YES;
				CLANG_WARN_STRICT_PROTOTYPES = YES;
				CLANG_WARN_SUSPICIOUS_MOVE = YES;
				CLANG_WARN_UNGUARDED_AVAILABILITY = YES_AGGRESSIVE;
				CLANG_WARN_UNREACHABLE_CODE = YES;
				CLANG_WARN__DUPLICATE_METHOD_MATCH = YES;
				COPY_PHASE_STRIP = NO;
				DEBUG_INFORMATION_FORMAT = dwarf;
				ENABLE_STRICT_OBJC_MSGSEND = YES;
				ENABLE_TESTABILITY = YES;
				GCC_C_LANGUAGE_STANDARD = gnu11;
				GCC_DYNAMIC_NO_PIC = NO;
				GCC_NO_COMMON_BLOCKS = YES;
				GCC_OPTIMIZATION_LEVEL = 0;
				GCC_PREPROCESSOR_DEFINITIONS = (
					"$(inherited)",
					"DEBUG=1",
				);
				GCC_WARN_64_TO_32_BIT_CONVERSION = YES;
				GCC_WARN_ABOUT_RETURN_TYPE = YES_ERROR;
				GCC_WARN_UNDECLARED_SELECTOR = YES;
				GCC_WARN_UNINITIALIZED_AUTOS = YES_AGGRESSIVE;
				GCC_WARN_UNUSED_FUNCTION = YES;
				GCC_WARN_UNUSED_VARIABLE = YES;
				MTL_ENABLE_DEBUG_INFO = YES;
				ONLY_ACTIVE_ARCH = YES;
				PRODUCT_NAME = "$(TARGET_NAME)";
				SWIFT_ACTIVE_COMPILATION_CONDITIONS = DEBUG;
				SWIFT_OPTIMIZATION_LEVEL = "-Onone";
				SWIFT_VERSION = 4.0;
			};
			name = Debug;
		};
		BC_540850859862 /* Debug */ = {
			isa = XCBuildConfiguration;
			buildSettings = {
				COMBINE_HIDPI_IMAGES = YES;
				LD_RUNPATH_SEARCH_PATHS = "$(inherited) @executable_path/../Frameworks";
				PRODUCT_BUNDLE_IDENTIFIER = com.hsbc.ConvertCommand;
				SDKROOT = macosx;
			};
			name = Debug;
		};
		BC_783661664146 /* Release */ = {
			isa = XCBuildConfiguration;
			buildSettings = {
				COMBINE_HIDPI_IMAGES = YES;
				LD_RUNPATH_SEARCH_PATHS = "$(inherited) @executable_path/../Frameworks";
				PRODUCT_BUNDLE_IDENTIFIER = com.hsbc.ConvertCommand;
				SDKROOT = macosx;
			};
			name = Release;
		};
		BC_787402479991 /* Release */ = {
			isa = XCBuildConfiguration;
			buildSettings = {
				ALWAYS_EMBED_SWIFT_STANDARD_LIBRARIES = YES;
				ASSETCATALOG_COMPILER_APPICON_NAME = AppIcon;
				"CODE_SIGN_IDENTITY[sdk=iphoneos*]" = "iPhone Developer";
				INFOPLIST_FILE = SampleApp/Info.plist;
				IPHONEOS_DEPLOYMENT_TARGET = 12.0;
				LD_RUNPATH_SEARCH_PATHS = "$(inherited) @executable_path/Frameworks";
				PRODUCT_BUNDLE_IDENTIFIER = com.hsbc.SampleApp;
				SDKROOT = iphoneos;
				TARGETED_DEVICE_FAMILY = "1,2";
			};
			name = Release;
		};
		BC_881114754245 /* Release */ = {
			isa = XCBuildConfiguration;
			buildSettings = {
				ALWAYS_SEARCH_USER_PATHS = NO;
				CLANG_ANALYZER_NONNULL = YES;
				CLANG_ANALYZER_NUMBER_OBJECT_CONVERSION = YES_AGGRESSIVE;
				CLANG_CXX_LANGUAGE_STANDARD = "gnu++14";
				CLANG_CXX_LIBRARY = "libc++";
				CLANG_ENABLE_MODULES = YES;
				CLANG_ENABLE_OBJC_ARC = YES;
				CLANG_WARN_BLOCK_CAPTURE_AUTORELEASING = YES;
				CLANG_WARN_BOOL_CONVERSION = YES;
				CLANG_WARN_COMMA = YES;
				CLANG_WARN_CONSTANT_CONVERSION = YES;
				CLANG_WARN_DEPRECATED_OBJC_IMPLEMENTATIONS = YES;
				CLANG_WARN_DIRECT_OBJC_ISA_USAGE = YES_ERROR;
				CLANG_WARN_DOCUMENTATION_COMMENTS = YES;
				CLANG_WARN_EMPTY_BODY = YES;
				CLANG_WARN_ENUM_CONVERSION = YES;
				CLANG_WARN_INFINITE_RECURSION = YES;
				CLANG_WARN_INT_CONVERSION = YES;
				CLANG_WARN_NON_LITERAL_NULL_CONVERSION = YES;
				CLANG_WARN_OBJC_IMPLICIT_RETAIN_SELF = YES;
				CLANG_WARN_OBJC_LITERAL_CONVERSION = YES;
				CLANG_WARN_OBJC_ROOT_CLASS = YES_ERROR;
				CLANG_WARN_RANGE_LOOP_ANALYSIS = YES;
				CLANG_WARN_STRICT_PROTOTYPES = YES;
				CLANG_WARN_SUSPICIOUS_MOVE = YES;
				CLANG_WARN_UNGUARDED_AVAILABILITY = YES_AGGRESSIVE;
				CLANG_WARN_UNREACHABLE_CODE = YES;
				CLANG_WARN__DUPLICATE_METHOD_MATCH = YES;
				COPY_PHASE_STRIP = NO;
				DEBUG_INFORMATION_FORMAT = "dwarf-with-dsym";
				ENABLE_NS_ASSERTIONS = NO;
				ENABLE_STRICT_OBJC_MSGSEND = YES;
				GCC_C_LANGUAGE_STANDARD = gnu11;
				GCC_NO_COMMON_BLOCKS = YES;
				GCC_WARN_64_TO_32_BIT_CONVERSION = YES;
				GCC_WARN_ABOUT_RETURN_TYPE = YES_ERROR;
				GCC_WARN_UNDECLARED_SELECTOR = YES;
				GCC_WARN_UNINITIALIZED_AUTOS = YES_AGGRESSIVE;
				GCC_WARN_UNUSED_FUNCTION = YES;
				GCC_WARN_UNUSED_VARIABLE = YES;
				PRODUCT_NAME = "$(TARGET_NAME)";
				SWIFT_OPTIMIZATION_LEVEL = "-Owholemodule";
				SWIFT_VERSION = 4.0;
				VALIDATE_PRODUCT = YES;
			};
			name = Release;
		};
/* End XCBuildConfiguration section */

/* Begin XCConfigurationList section */
		CL_599300190870 /* Build configuration list for PBXNativeTarget "SampleApp" */ = {
			isa = XCConfigurationList;
			buildConfigurations = (
				BC_409440508151 /* Debug */,
				BC_787402479991 /* Release */,
			);
			defaultConfigurationIsVisible = 0;
			defaultConfigurationName = "";
		};
		CL_689261305038 /* Build configuration list for PBXNativeTarget "ConvertCommand" */ = {
			isa = XCConfigurationList;
			buildConfigurations = (
				BC_540850859862 /* Debug */,
				BC_783661664146 /* Release */,
			);
			defaultConfigurationIsVisible = 0;
			defaultConfigurationName = "";
		};
		CL_834061984909 /* Build configuration list for PBXProject "CopyKit" */ = {
			isa = XCConfigurationList;
			buildConfigurations = (
				BC_479945831424 /* Debug */,
				BC_881114754245 /* Release */,
			);
			defaultConfigurationIsVisible = 0;
			defaultConfigurationName = Debug;
		};
		"CL_834061984909-1" /* Build configuration list for PBXNativeTarget "CopyKit" */ = {
			isa = XCConfigurationList;
			buildConfigurations = (
				BC_154588906859 /* Debug */,
				BC_360351128406 /* Release */,
			);
			defaultConfigurationIsVisible = 0;
			defaultConfigurationName = "";
		};
/* End XCConfigurationList section */
	};
	rootObject = P_8340619849090 /* Project object */;
}
